// !$*UTF8*$!
{
	archiveVersion = 1;
	classes = {
	};
	objectVersion = 77;
	objects = {

/* Begin PBXBuildFile section */
		00D41A4C52EC6A3E202F6BFC /* MainTabView.swift in Sources */ = {isa = PBXBuildFile; fileRef = AE50C3572B8F3FA7293ED178 /* MainTabView.swift */; };
		0F8774FE78DBBB8D030B5890 /* RecordListView.swift in Sources */ = {isa = PBXBuildFile; fileRef = 044A1890772B5595073FA5A8 /* RecordListView.swift */; };
		12A9190D3F2A969B6E6AAE15 /* RootView.swift in Sources */ = {isa = PBXBuildFile; fileRef = FD89E8F6A2C2B07C669D59C8 /* RootView.swift */; };
		16F0DBEE810126B9C527D796 /* AuthSession.swift in Sources */ = {isa = PBXBuildFile; fileRef = 147E19EE7C0038B09082CA49 /* AuthSession.swift */; };
		1CE9B3DCE28DB6FAB183BC4C /* APIClient.swift in Sources */ = {isa = PBXBuildFile; fileRef = 51E532B5AEA1403AA4983D22 /* APIClient.swift */; };
		30F4972396E1B39AF830B4A5 /* TokenStore.swift in Sources */ = {isa = PBXBuildFile; fileRef = 12C6F86464D6188DBF6AD44F /* TokenStore.swift */; };
		A1B2C3D4E5F60718293A4B5C /* UserProfileStore.swift in Sources */ = {isa = PBXBuildFile; fileRef = A1B2C3D4E5F60718293A4B5D /* UserProfileStore.swift */; };
		52F106345E11B1B67F072065 /* VehicleViewModel.swift in Sources */ = {isa = PBXBuildFile; fileRef = AA17EB999B505F38CBE95FC7 /* VehicleViewModel.swift */; };
		54D7FAD3BB9E8CA27087C16C /* AppPalette.swift in Sources */ = {isa = PBXBuildFile; fileRef = 8610EFB45C6A2E5566DB7E55 /* AppPalette.swift */; };
		FF11223344556677889900AA /* AppIconView.swift in Sources */ = {isa = PBXBuildFile; fileRef = FF11223344556677889900BB /* AppIconView.swift */; };
		B2C3D4E5F60718293A4B5C6D /* ButlerAvatar.swift in Sources */ = {isa = PBXBuildFile; fileRef = B2C3D4E5F60718293A4B5C6E /* ButlerAvatar.swift */; };
		64D4BA116516C2A1044D941D /* BillStatsView.swift in Sources */ = {isa = PBXBuildFile; fileRef = 929EBDB234F3F677B8F4AC23 /* BillStatsView.swift */; };
		65041A71DD59F1C02DED9420 /* PhoneView.swift in Sources */ = {isa = PBXBuildFile; fileRef = 1C20D7E160621A4D92B682AE /* PhoneView.swift */; };
		74F6980D63E5CE78FFB03B2A /* Assets.xcassets in Resources */ = {isa = PBXBuildFile; fileRef = A2B990C68A159267F2B6F4E2 /* Assets.xcassets */; };
		80CF93DFDFC2A195B744164C /* APIModels.swift in Sources */ = {isa = PBXBuildFile; fileRef = 650BB844B388D57B764FC152 /* APIModels.swift */; };
		84DB1796A2864F018E5499C2 /* VehicleStatsView.swift in Sources */ = {isa = PBXBuildFile; fileRef = 0004D28A474D2C5592F87216 /* VehicleStatsView.swift */; };
		860F37223FF0A0FE7487B7A3 /* Config.swift in Sources */ = {isa = PBXBuildFile; fileRef = 8BD1AE9B00B3E23B221762A7 /* Config.swift */; };
		86A6C49C83D61BAA5FDBE1B9 /* EasyfamilyAppUITests.swift in Sources */ = {isa = PBXBuildFile; fileRef = BF60DD9AACAF3C5494A954D8 /* EasyfamilyAppUITests.swift */; };
		8F361BE37CD718FDDC981EFC /* QueryView.swift in Sources */ = {isa = PBXBuildFile; fileRef = 27348EA2D3E48842B03189C5 /* QueryView.swift */; };
		90171D8B4C54820C16F72055 /* ChatViewModel.swift in Sources */ = {isa = PBXBuildFile; fileRef = 6815F147E29673CB945061CC /* ChatViewModel.swift */; };
		AA3F96482125A6D88A27783A /* LoginView.swift in Sources */ = {isa = PBXBuildFile; fileRef = B41A509CEFF0D40601C69F2B /* LoginView.swift */; };
		ABDBF63242305B2F67EA8B40 /* MineView.swift in Sources */ = {isa = PBXBuildFile; fileRef = FDC9C09E142D9B67CFDD7603 /* MineView.swift */; };
		B07B91FD807A665E67069D6F /* BillViewModel.swift in Sources */ = {isa = PBXBuildFile; fileRef = 8D60F6575500D7375D613E06 /* BillViewModel.swift */; };
		BB56F72AE70C153FB93753C4 /* SlideCaptchaView.swift in Sources */ = {isa = PBXBuildFile; fileRef = 9FD5E37C9109BB7AABB030E3 /* SlideCaptchaView.swift */; };
		BEC964C4AE3D64439EC0CDE8 /* QueryViewModel.swift in Sources */ = {isa = PBXBuildFile; fileRef = 9A4DB0891814FB0CFB554B79 /* QueryViewModel.swift */; };
		BFA562FCD6F693D92D0C3160 /* FamilyView.swift in Sources */ = {isa = PBXBuildFile; fileRef = 95DB294FC5C9514D565E4B1D /* FamilyView.swift */; };
		C068FB6E61621A23C09445C7 /* PhoneViewModel.swift in Sources */ = {isa = PBXBuildFile; fileRef = 1497FAF38CCED4E779F4A9F0 /* PhoneViewModel.swift */; };
		C322EC5FFD919BB987F694E1 /* EasyfamilyApp.swift in Sources */ = {isa = PBXBuildFile; fileRef = B7A97200FCF5452A1A8B995D /* EasyfamilyApp.swift */; };
		C4D5B967AC0834CDF27C13B5 /* VehicleFormView.swift in Sources */ = {isa = PBXBuildFile; fileRef = D5C68F04ECCBF417532D7C6A /* VehicleFormView.swift */; };
		C8299624A14F8DF5706E4364 /* LoginViewModel.swift in Sources */ = {isa = PBXBuildFile; fileRef = E7870D5FAF55CEC142B36A35 /* LoginViewModel.swift */; };
		C88C7D9EE78D34518C6A1591 /* BillListView.swift in Sources */ = {isa = PBXBuildFile; fileRef = 58DC7198768759E378631733 /* BillListView.swift */; };
		CD22006DD4836ABD5428E0C5 /* APIService.swift in Sources */ = {isa = PBXBuildFile; fileRef = A05061680B720E7AF06B6094 /* APIService.swift */; };
		DE22B1BFE771DD7E199E78C7 /* RecordFormView.swift in Sources */ = {isa = PBXBuildFile; fileRef = 849712DF781E42D3AF4E4D9D /* RecordFormView.swift */; };
		E30994BC62670D0A0DBDDFB7 /* ChatStreamClient.swift in Sources */ = {isa = PBXBuildFile; fileRef = 61FDECA40953023D504E82CF /* ChatStreamClient.swift */; };
		E511F365F72D4088B4616F63 /* FamilyViewModel.swift in Sources */ = {isa = PBXBuildFile; fileRef = B42F8008B10293442F6D9EBD /* FamilyViewModel.swift */; };
		E848A91B2A90F14CA7840B79 /* ChatView.swift in Sources */ = {isa = PBXBuildFile; fileRef = F92BA3A894D185FD59A8FC01 /* ChatView.swift */; };
		EE00AA11BB22CC33DD44EE56 /* String+Emoji.swift in Sources */ = {isa = PBXBuildFile; fileRef = EE00AA11BB22CC33DD44EE55 /* String+Emoji.swift */; };
		F3F5B56F4EBE1FFCAA0F6CA9 /* VehicleListView.swift in Sources */ = {isa = PBXBuildFile; fileRef = AC0391931CD4A2BE275D767A /* VehicleListView.swift */; };
		FB01A2B3C4D5E6F7A8B9C0D1 /* FeedbackView.swift in Sources */ = {isa = PBXBuildFile; fileRef = FB01A2B3C4D5E6F7A8B9C0D2 /* FeedbackView.swift */; };
		PRF100000000001 /* ProfileEditView.swift in Sources */ = {isa = PBXBuildFile; fileRef = PRF100000000011 /* ProfileEditView.swift */; };
		FB01A2B3C4D5E6F7A8B9C0D3 /* FeedbackViewModel.swift in Sources */ = {isa = PBXBuildFile; fileRef = FB01A2B3C4D5E6F7A8B9C0D4 /* FeedbackViewModel.swift */; };
		FIN1000000000001 /* FinanceViewModel.swift in Sources */ = {isa = PBXBuildFile; fileRef = FIN1000000000011 /* FinanceViewModel.swift */; };
		FIN1000000000002 /* FinancialHealthView.swift in Sources */ = {isa = PBXBuildFile; fileRef = FIN1000000000012 /* FinancialHealthView.swift */; };
		FIN1000000000003 /* FamilyBillView.swift in Sources */ = {isa = PBXBuildFile; fileRef = FIN1000000000013 /* FamilyBillView.swift */; };
		FIN1000000000004 /* FinancePermissionViewModel.swift in Sources */ = {isa = PBXBuildFile; fileRef = FIN1000000000014 /* FinancePermissionViewModel.swift */; };
		FIN1000000000005 /* FinancePermissionView.swift in Sources */ = {isa = PBXBuildFile; fileRef = FIN1000000000015 /* FinancePermissionView.swift */; };
		FA10000000000001 /* AssetListView.swift in Sources */ = {isa = PBXBuildFile; fileRef = FA10000000000011 /* AssetListView.swift */; };
		FA10000000000002 /* AssetFormView.swift in Sources */ = {isa = PBXBuildFile; fileRef = FA10000000000012 /* AssetFormView.swift */; };
		FA10000000000003 /* AssetViewModel.swift in Sources */ = {isa = PBXBuildFile; fileRef = FA10000000000013 /* AssetViewModel.swift */; };
		FA10000000000004 /* LiabilityListView.swift in Sources */ = {isa = PBXBuildFile; fileRef = FA10000000000014 /* LiabilityListView.swift */; };
		FA10000000000005 /* LiabilityFormView.swift in Sources */ = {isa = PBXBuildFile; fileRef = FA10000000000015 /* LiabilityFormView.swift */; };
		FA10000000000006 /* LiabilityViewModel.swift in Sources */ = {isa = PBXBuildFile; fileRef = FA10000000000016 /* LiabilityViewModel.swift */; };
/* End PBXBuildFile section */

/* Begin PBXContainerItemProxy section */
		761AA86A02AAEC81D66CE63E /* PBXContainerItemProxy */ = {
			isa = PBXContainerItemProxy;
			containerPortal = 8F8999884BF7B6A16CE03295 /* Project object */;
			proxyType = 1;
			remoteGlobalIDString = F78867720F55625C3F59E5A2;
			remoteInfo = EasyfamilyApp;
		};
/* End PBXContainerItemProxy section */

/* Begin PBXFileReference section */
		0004D28A474D2C5592F87216 /* VehicleStatsView.swift */ = {isa = PBXFileReference; lastKnownFileType = sourcecode.swift; path = VehicleStatsView.swift; sourceTree = "<group>"; };
		044A1890772B5595073FA5A8 /* RecordListView.swift */ = {isa = PBXFileReference; lastKnownFileType = sourcecode.swift; path = RecordListView.swift; sourceTree = "<group>"; };
		12C6F86464D6188DBF6AD44F /* TokenStore.swift */ = {isa = PBXFileReference; lastKnownFileType = sourcecode.swift; path = TokenStore.swift; sourceTree = "<group>"; };
		A1B2C3D4E5F60718293A4B5D /* UserProfileStore.swift */ = {isa = PBXFileReference; lastKnownFileType = sourcecode.swift; path = UserProfileStore.swift; sourceTree = "<group>"; };
		147E19EE7C0038B09082CA49 /* AuthSession.swift */ = {isa = PBXFileReference; lastKnownFileType = sourcecode.swift; path = AuthSession.swift; sourceTree = "<group>"; };
		1497FAF38CCED4E779F4A9F0 /* PhoneViewModel.swift */ = {isa = PBXFileReference; lastKnownFileType = sourcecode.swift; path = PhoneViewModel.swift; sourceTree = "<group>"; };
		1C20D7E160621A4D92B682AE /* PhoneView.swift */ = {isa = PBXFileReference; lastKnownFileType = sourcecode.swift; path = PhoneView.swift; sourceTree = "<group>"; };
		27348EA2D3E48842B03189C5 /* QueryView.swift */ = {isa = PBXFileReference; lastKnownFileType = sourcecode.swift; path = QueryView.swift; sourceTree = "<group>"; };
		3C531FBD36E098123AFAEC8D /* EasyfamilyApp.app */ = {isa = PBXFileReference; includeInIndex = 0; lastKnownFileType = wrapper.application; path = EasyfamilyApp.app; sourceTree = BUILT_PRODUCTS_DIR; };
		51E532B5AEA1403AA4983D22 /* APIClient.swift */ = {isa = PBXFileReference; lastKnownFileType = sourcecode.swift; path = APIClient.swift; sourceTree = "<group>"; };
		58DC7198768759E378631733 /* BillListView.swift */ = {isa = PBXFileReference; lastKnownFileType = sourcecode.swift; path = BillListView.swift; sourceTree = "<group>"; };
		61FDECA40953023D504E82CF /* ChatStreamClient.swift */ = {isa = PBXFileReference; lastKnownFileType = sourcecode.swift; path = ChatStreamClient.swift; sourceTree = "<group>"; };
		650BB844B388D57B764FC152 /* APIModels.swift */ = {isa = PBXFileReference; lastKnownFileType = sourcecode.swift; path = APIModels.swift; sourceTree = "<group>"; };
		6815F147E29673CB945061CC /* ChatViewModel.swift */ = {isa = PBXFileReference; lastKnownFileType = sourcecode.swift; path = ChatViewModel.swift; sourceTree = "<group>"; };
		849712DF781E42D3AF4E4D9D /* RecordFormView.swift */ = {isa = PBXFileReference; lastKnownFileType = sourcecode.swift; path = RecordFormView.swift; sourceTree = "<group>"; };
		8610EFB45C6A2E5566DB7E55 /* AppPalette.swift */ = {isa = PBXFileReference; lastKnownFileType = sourcecode.swift; path = AppPalette.swift; sourceTree = "<group>"; };
		FF11223344556677889900BB /* AppIconView.swift */ = {isa = PBXFileReference; lastKnownFileType = sourcecode.swift; path = AppIconView.swift; sourceTree = "<group>"; };
		B2C3D4E5F60718293A4B5C6E /* ButlerAvatar.swift */ = {isa = PBXFileReference; lastKnownFileType = sourcecode.swift; path = ButlerAvatar.swift; sourceTree = "<group>"; };
		8BD1AE9B00B3E23B221762A7 /* Config.swift */ = {isa = PBXFileReference; lastKnownFileType = sourcecode.swift; path = Config.swift; sourceTree = "<group>"; };
		8D60F6575500D7375D613E06 /* BillViewModel.swift */ = {isa = PBXFileReference; lastKnownFileType = sourcecode.swift; path = BillViewModel.swift; sourceTree = "<group>"; };
		929EBDB234F3F677B8F4AC23 /* BillStatsView.swift */ = {isa = PBXFileReference; lastKnownFileType = sourcecode.swift; path = BillStatsView.swift; sourceTree = "<group>"; };
		95DB294FC5C9514D565E4B1D /* FamilyView.swift */ = {isa = PBXFileReference; lastKnownFileType = sourcecode.swift; path = FamilyView.swift; sourceTree = "<group>"; };
		9A4DB0891814FB0CFB554B79 /* QueryViewModel.swift */ = {isa = PBXFileReference; lastKnownFileType = sourcecode.swift; path = QueryViewModel.swift; sourceTree = "<group>"; };
		9FD5E37C9109BB7AABB030E3 /* SlideCaptchaView.swift */ = {isa = PBXFileReference; lastKnownFileType = sourcecode.swift; path = SlideCaptchaView.swift; sourceTree = "<group>"; };
		A05061680B720E7AF06B6094 /* APIService.swift */ = {isa = PBXFileReference; lastKnownFileType = sourcecode.swift; path = APIService.swift; sourceTree = "<group>"; };
		A2B990C68A159267F2B6F4E2 /* Assets.xcassets */ = {isa = PBXFileReference; lastKnownFileType = folder.assetcatalog; path = Assets.xcassets; sourceTree = "<group>"; };
		AA17EB999B505F38CBE95FC7 /* VehicleViewModel.swift */ = {isa = PBXFileReference; lastKnownFileType = sourcecode.swift; path = VehicleViewModel.swift; sourceTree = "<group>"; };
		AC0391931CD4A2BE275D767A /* VehicleListView.swift */ = {isa = PBXFileReference; lastKnownFileType = sourcecode.swift; path = VehicleListView.swift; sourceTree = "<group>"; };
		AE50C3572B8F3FA7293ED178 /* MainTabView.swift */ = {isa = PBXFileReference; lastKnownFileType = sourcecode.swift; path = MainTabView.swift; sourceTree = "<group>"; };
		B41A509CEFF0D40601C69F2B /* LoginView.swift */ = {isa = PBXFileReference; lastKnownFileType = sourcecode.swift; path = LoginView.swift; sourceTree = "<group>"; };
		B42F8008B10293442F6D9EBD /* FamilyViewModel.swift */ = {isa = PBXFileReference; lastKnownFileType = sourcecode.swift; path = FamilyViewModel.swift; sourceTree = "<group>"; };
		B7A97200FCF5452A1A8B995D /* EasyfamilyApp.swift */ = {isa = PBXFileReference; lastKnownFileType = sourcecode.swift; path = EasyfamilyApp.swift; sourceTree = "<group>"; };
		BF60DD9AACAF3C5494A954D8 /* EasyfamilyAppUITests.swift */ = {isa = PBXFileReference; lastKnownFileType = sourcecode.swift; path = EasyfamilyAppUITests.swift; sourceTree = "<group>"; };
		D5C68F04ECCBF417532D7C6A /* VehicleFormView.swift */ = {isa = PBXFileReference; lastKnownFileType = sourcecode.swift; path = VehicleFormView.swift; sourceTree = "<group>"; };
		E7870D5FAF55CEC142B36A35 /* LoginViewModel.swift */ = {isa = PBXFileReference; lastKnownFileType = sourcecode.swift; path = LoginViewModel.swift; sourceTree = "<group>"; };
		EDD99F99937F786F52FA140A /* EasyfamilyAppUITests.xctest */ = {isa = PBXFileReference; includeInIndex = 0; lastKnownFileType = wrapper.cfbundle; path = EasyfamilyAppUITests.xctest; sourceTree = BUILT_PRODUCTS_DIR; };
		EE00AA11BB22CC33DD44EE55 /* String+Emoji.swift */ = {isa = PBXFileReference; lastKnownFileType = sourcecode.swift; path = "String+Emoji.swift"; sourceTree = "<group>"; };
		F92BA3A894D185FD59A8FC01 /* ChatView.swift */ = {isa = PBXFileReference; lastKnownFileType = sourcecode.swift; path = ChatView.swift; sourceTree = "<group>"; };
		FD89E8F6A2C2B07C669D59C8 /* RootView.swift */ = {isa = PBXFileReference; lastKnownFileType = sourcecode.swift; path = RootView.swift; sourceTree = "<group>"; };
		FDC9C09E142D9B67CFDD7603 /* MineView.swift */ = {isa = PBXFileReference; lastKnownFileType = sourcecode.swift; path = MineView.swift; sourceTree = "<group>"; };
		FB01A2B3C4D5E6F7A8B9C0D2 /* FeedbackView.swift */ = {isa = PBXFileReference; lastKnownFileType = sourcecode.swift; path = FeedbackView.swift; sourceTree = "<group>"; };
		PRF100000000011 /* ProfileEditView.swift */ = {isa = PBXFileReference; lastKnownFileType = sourcecode.swift; path = ProfileEditView.swift; sourceTree = "<group>"; };
		FB01A2B3C4D5E6F7A8B9C0D4 /* FeedbackViewModel.swift */ = {isa = PBXFileReference; lastKnownFileType = sourcecode.swift; path = FeedbackViewModel.swift; sourceTree = "<group>"; };
		FIN1000000000011 /* FinanceViewModel.swift */ = {isa = PBXFileReference; lastKnownFileType = sourcecode.swift; path = FinanceViewModel.swift; sourceTree = "<group>"; };
		FIN1000000000012 /* FinancialHealthView.swift */ = {isa = PBXFileReference; lastKnownFileType = sourcecode.swift; path = FinancialHealthView.swift; sourceTree = "<group>"; };
		FIN1000000000014 /* FinancePermissionViewModel.swift */ = {isa = PBXFileReference; lastKnownFileType = sourcecode.swift; path = FinancePermissionViewModel.swift; sourceTree = "<group>"; };
		FIN1000000000015 /* FinancePermissionView.swift */ = {isa = PBXFileReference; lastKnownFileType = sourcecode.swift; path = FinancePermissionView.swift; sourceTree = "<group>"; };
		FIN1000000000013 /* FamilyBillView.swift */ = {isa = PBXFileReference; lastKnownFileType = sourcecode.swift; path = FamilyBillView.swift; sourceTree = "<group>"; };
		FA10000000000011 /* AssetListView.swift */ = {isa = PBXFileReference; lastKnownFileType = sourcecode.swift; path = AssetListView.swift; sourceTree = "<group>"; };
		FA10000000000012 /* AssetFormView.swift */ = {isa = PBXFileReference; lastKnownFileType = sourcecode.swift; path = AssetFormView.swift; sourceTree = "<group>"; };
		FA10000000000013 /* AssetViewModel.swift */ = {isa = PBXFileReference; lastKnownFileType = sourcecode.swift; path = AssetViewModel.swift; sourceTree = "<group>"; };
		FA10000000000014 /* LiabilityListView.swift */ = {isa = PBXFileReference; lastKnownFileType = sourcecode.swift; path = LiabilityListView.swift; sourceTree = "<group>"; };
		FA10000000000015 /* LiabilityFormView.swift */ = {isa = PBXFileReference; lastKnownFileType = sourcecode.swift; path = LiabilityFormView.swift; sourceTree = "<group>"; };
		FA10000000000016 /* LiabilityViewModel.swift */ = {isa = PBXFileReference; lastKnownFileType = sourcecode.swift; path = LiabilityViewModel.swift; sourceTree = "<group>"; };
/* End PBXFileReference section */

/* Begin PBXGroup section */
		0CAA8DF1F2666811331098F3 /* Network */ = {
			isa = PBXGroup;
			children = (
				51E532B5AEA1403AA4983D22 /* APIClient.swift */,
				650BB844B388D57B764FC152 /* APIModels.swift */,
				A05061680B720E7AF06B6094 /* APIService.swift */,
				61FDECA40953023D504E82CF /* ChatStreamClient.swift */,
				8BD1AE9B00B3E23B221762A7 /* Config.swift */,
			);
			path = Network;
			sourceTree = "<group>";
		};
		1C5E07366555B5ACD24E9981 /* App */ = {
			isa = PBXGroup;
			children = (
				B7A97200FCF5452A1A8B995D /* EasyfamilyApp.swift */,
			);
			path = App;
			sourceTree = "<group>";
		};
		53E514F7F667F622F33A6522 /* Resources */ = {
			isa = PBXGroup;
			children = (
				A2B990C68A159267F2B6F4E2 /* Assets.xcassets */,
			);
			path = Resources;
			sourceTree = "<group>";
		};
		5D2CA6CFFD02497D32CF237C /* Products */ = {
			isa = PBXGroup;
			children = (
				3C531FBD36E098123AFAEC8D /* EasyfamilyApp.app */,
				EDD99F99937F786F52FA140A /* EasyfamilyAppUITests.xctest */,
			);
			name = Products;
			sourceTree = "<group>";
		};
		DD00AA11BB22CC33DD44EE57 /* Extensions */ = {
			isa = PBXGroup;
			children = (
				EE00AA11BB22CC33DD44EE55 /* String+Emoji.swift */,
			);
			path = Extensions;
			sourceTree = "<group>";
		};
		6D92C504C6797C60CF0CBB05 /* Theme */ = {
			isa = PBXGroup;
			children = (
				8610EFB45C6A2E5566DB7E55 /* AppPalette.swift */,
				FF11223344556677889900BB /* AppIconView.swift */,
				B2C3D4E5F60718293A4B5C6E /* ButlerAvatar.swift */,
			);
			path = Theme;
			sourceTree = "<group>";
		};
		7626BAFBA2FCC11DA988DE5A /* Storage */ = {
			isa = PBXGroup;
			children = (
				12C6F86464D6188DBF6AD44F /* TokenStore.swift */,
				A1B2C3D4E5F60718293A4B5D /* UserProfileStore.swift */,
			);
			path = Storage;
			sourceTree = "<group>";
		};
		8529F949D8C570A53A8F08EA /* Navigation */ = {
			isa = PBXGroup;
			children = (
				AE50C3572B8F3FA7293ED178 /* MainTabView.swift */,
				FDC9C09E142D9B67CFDD7603 /* MineView.swift */,
				FD89E8F6A2C2B07C669D59C8 /* RootView.swift */,
			);
			path = Navigation;
			sourceTree = "<group>";
		};
		8CA2920E22F696685513270A /* Vehicle */ = {
			isa = PBXGroup;
			children = (
				849712DF781E42D3AF4E4D9D /* RecordFormView.swift */,
				044A1890772B5595073FA5A8 /* RecordListView.swift */,
				D5C68F04ECCBF417532D7C6A /* VehicleFormView.swift */,
				AC0391931CD4A2BE275D767A /* VehicleListView.swift */,
				0004D28A474D2C5592F87216 /* VehicleStatsView.swift */,
				AA17EB999B505F38CBE95FC7 /* VehicleViewModel.swift */,
			);
			path = Vehicle;
			sourceTree = "<group>";
		};
		8DFBF2A98FCB7306562390BB /* Query */ = {
			isa = PBXGroup;
			children = (
				27348EA2D3E48842B03189C5 /* QueryView.swift */,
				9A4DB0891814FB0CFB554B79 /* QueryViewModel.swift */,
			);
			path = Query;
			sourceTree = "<group>";
		};
		9108987FAE9EBA02D440F1F8 /* Bill */ = {
			isa = PBXGroup;
			children = (
				58DC7198768759E378631733 /* BillListView.swift */,
				929EBDB234F3F677B8F4AC23 /* BillStatsView.swift */,
				8D60F6575500D7375D613E06 /* BillViewModel.swift */,
			);
			path = Bill;
			sourceTree = "<group>";
		};
		A534CD1644E1294902E6EB80 /* Session */ = {
			isa = PBXGroup;
			children = (
				147E19EE7C0038B09082CA49 /* AuthSession.swift */,
			);
			path = Session;
			sourceTree = "<group>";
		};
		B85EEBB451C0E5E08913C962 /* Features */ = {
			isa = PBXGroup;
			children = (
				EEE8C2F5B88BF081D2081D7F /* Auth */,
				9108987FAE9EBA02D440F1F8 /* Bill */,
				E7A942CF9A7CD17EE68932BB /* Chat */,
				EDFE3B312CDF56ACF8419828 /* Family */,
				FB01A2B3C4D5E6F7A8B9C0D5 /* Feedback */,
				FA10000000000020 /* Finance */,
				PRF100000000020 /* Profile */,
				E1402E911DDF333F2F622AC7 /* Phone */,
				8DFBF2A98FCB7306562390BB /* Query */,
				8CA2920E22F696685513270A /* Vehicle */,
			);
			path = Features;
			sourceTree = "<group>";
		};
		FA10000000000020 /* Finance */ = {
			isa = PBXGroup;
			children = (
				FIN1000000000011 /* FinanceViewModel.swift */,
				FIN1000000000012 /* FinancialHealthView.swift */,
				FIN1000000000013 /* FamilyBillView.swift */,
				FIN1000000000014 /* FinancePermissionViewModel.swift */,
				FIN1000000000015 /* FinancePermissionView.swift */,
				FA10000000000011 /* AssetListView.swift */,
				FA10000000000012 /* AssetFormView.swift */,
				FA10000000000013 /* AssetViewModel.swift */,
				FA10000000000014 /* LiabilityListView.swift */,
				FA10000000000015 /* LiabilityFormView.swift */,
				FA10000000000016 /* LiabilityViewModel.swift */,
			);
			path = Finance;
			sourceTree = "<group>";
		};
		FB01A2B3C4D5E6F7A8B9C0D5 /* Feedback */ = {
			isa = PBXGroup;
			children = (
				FB01A2B3C4D5E6F7A8B9C0D2 /* FeedbackView.swift */,
				FB01A2B3C4D5E6F7A8B9C0D4 /* FeedbackViewModel.swift */,
			);
			path = Feedback;
			sourceTree = "<group>";
		};
		PRF100000000020 /* Profile */ = {
			isa = PBXGroup;
			children = (
				PRF100000000011 /* ProfileEditView.swift */,
			);
			path = Profile;
			sourceTree = "<group>";
		};
		BF414F30D27E7FC4AD5F0BEE /* EasyfamilyAppUITests */ = {
			isa = PBXGroup;
			children = (
				BF60DD9AACAF3C5494A954D8 /* EasyfamilyAppUITests.swift */,
			);
			path = EasyfamilyAppUITests;
			sourceTree = "<group>";
		};
		C3A48393FA910C47379D31F0 /* Core */ = {
			isa = PBXGroup;
			children = (
				DD00AA11BB22CC33DD44EE57 /* Extensions */,
				0CAA8DF1F2666811331098F3 /* Network */,
				A534CD1644E1294902E6EB80 /* Session */,
				7626BAFBA2FCC11DA988DE5A /* Storage */,
				6D92C504C6797C60CF0CBB05 /* Theme */,
			);
			path = Core;
			sourceTree = "<group>";
		};
		C8407C2B3987B4DE54E3736E = {
			isa = PBXGroup;
			children = (
				CC45E3BC5B989E7D04CDBEE1 /* EasyfamilyApp */,
				BF414F30D27E7FC4AD5F0BEE /* EasyfamilyAppUITests */,
				5D2CA6CFFD02497D32CF237C /* Products */,
			);
			sourceTree = "<group>";
		};
		CC45E3BC5B989E7D04CDBEE1 /* EasyfamilyApp */ = {
			isa = PBXGroup;
			children = (
				1C5E07366555B5ACD24E9981 /* App */,
				C3A48393FA910C47379D31F0 /* Core */,
				B85EEBB451C0E5E08913C962 /* Features */,
				8529F949D8C570A53A8F08EA /* Navigation */,
				53E514F7F667F622F33A6522 /* Resources */,
			);
			path = EasyfamilyApp;
			sourceTree = "<group>";
		};
		E1402E911DDF333F2F622AC7 /* Phone */ = {
			isa = PBXGroup;
			children = (
				1C20D7E160621A4D92B682AE /* PhoneView.swift */,
				1497FAF38CCED4E779F4A9F0 /* PhoneViewModel.swift */,
			);
			path = Phone;
			sourceTree = "<group>";
		};
		E7A942CF9A7CD17EE68932BB /* Chat */ = {
			isa = PBXGroup;
			children = (
				F92BA3A894D185FD59A8FC01 /* ChatView.swift */,
				6815F147E29673CB945061CC /* ChatViewModel.swift */,
			);
			path = Chat;
			sourceTree = "<group>";
		};
		EDFE3B312CDF56ACF8419828 /* Family */ = {
			isa = PBXGroup;
			children = (
				95DB294FC5C9514D565E4B1D /* FamilyView.swift */,
				B42F8008B10293442F6D9EBD /* FamilyViewModel.swift */,
			);
			path = Family;
			sourceTree = "<group>";
		};
		EEE8C2F5B88BF081D2081D7F /* Auth */ = {
			isa = PBXGroup;
			children = (
				B41A509CEFF0D40601C69F2B /* LoginView.swift */,
				E7870D5FAF55CEC142B36A35 /* LoginViewModel.swift */,
				9FD5E37C9109BB7AABB030E3 /* SlideCaptchaView.swift */,
			);
			path = Auth;
			sourceTree = "<group>";
		};
/* End PBXGroup section */

/* Begin PBXNativeTarget section */
		DCCCE831A7B7D08089D60610 /* EasyfamilyAppUITests */ = {
			isa = PBXNativeTarget;
			buildConfigurationList = D3819590E832E708C8FFEDC0 /* Build configuration list for PBXNativeTarget "EasyfamilyAppUITests" */;
			buildPhases = (
				662513D93D0C4A91D09CCEB2 /* Sources */,
			);
			buildRules = (
			);
			dependencies = (
				C017CE7D02C51C3AF2A35145 /* PBXTargetDependency */,
			);
			name = EasyfamilyAppUITests;
			packageProductDependencies = (
			);
			productName = EasyfamilyAppUITests;
			productReference = EDD99F99937F786F52FA140A /* EasyfamilyAppUITests.xctest */;
			productType = "com.apple.product-type.bundle.ui-testing";
		};
		F78867720F55625C3F59E5A2 /* EasyfamilyApp */ = {
			isa = PBXNativeTarget;
			buildConfigurationList = 51E7BB76E59727719B24450F /* Build configuration list for PBXNativeTarget "EasyfamilyApp" */;
			buildPhases = (
				2D9771C2D4F481DA8BDC60AB /* Sources */,
				7A06F41DB61601DEA8D23670 /* Resources */,
			);
			buildRules = (
			);
			dependencies = (
			);
			name = EasyfamilyApp;
			packageProductDependencies = (
			);
			productName = EasyfamilyApp;
			productReference = 3C531FBD36E098123AFAEC8D /* EasyfamilyApp.app */;
			productType = "com.apple.product-type.application";
		};
/* End PBXNativeTarget section */

/* Begin PBXProject section */
		8F8999884BF7B6A16CE03295 /* Project object */ = {
			isa = PBXProject;
			attributes = {
				BuildIndependentTargetsInParallel = YES;
				LastUpgradeCheck = 1430;
				TargetAttributes = {
					DCCCE831A7B7D08089D60610 = {
						DevelopmentTeam = 836GW6C7ZQ;
						ProvisioningStyle = Automatic;
						TestTargetID = F78867720F55625C3F59E5A2;
					};
					F78867720F55625C3F59E5A2 = {
						DevelopmentTeam = 836GW6C7ZQ;
						ProvisioningStyle = Automatic;
					};
				};
			};
			buildConfigurationList = DD307368698CAF2B2273D164 /* Build configuration list for PBXProject "EasyfamilyApp" */;
			developmentRegion = en;
			hasScannedForEncodings = 0;
			knownRegions = (
				Base,
				en,
			);
			mainGroup = C8407C2B3987B4DE54E3736E;
			minimizedProjectReferenceProxies = 1;
			preferredProjectObjectVersion = 77;
			productRefGroup = 5D2CA6CFFD02497D32CF237C /* Products */;
			projectDirPath = "";
			projectRoot = "";
			targets = (
				F78867720F55625C3F59E5A2 /* EasyfamilyApp */,
				DCCCE831A7B7D08089D60610 /* EasyfamilyAppUITests */,
			);
		};
/* End PBXProject section */

/* Begin PBXResourcesBuildPhase section */
		7A06F41DB61601DEA8D23670 /* Resources */ = {
			isa = PBXResourcesBuildPhase;
			buildActionMask = 2147483647;
			files = (
				74F6980D63E5CE78FFB03B2A /* Assets.xcassets in Resources */,
			);
			runOnlyForDeploymentPostprocessing = 0;
		};
/* End PBXResourcesBuildPhase section */

/* Begin PBXSourcesBuildPhase section */
		2D9771C2D4F481DA8BDC60AB /* Sources */ = {
			isa = PBXSourcesBuildPhase;
			buildActionMask = 2147483647;
			files = (
				1CE9B3DCE28DB6FAB183BC4C /* APIClient.swift in Sources */,
				80CF93DFDFC2A195B744164C /* APIModels.swift in Sources */,
				CD22006DD4836ABD5428E0C5 /* APIService.swift in Sources */,
				54D7FAD3BB9E8CA27087C16C /* AppPalette.swift in Sources */,
				FF11223344556677889900AA /* AppIconView.swift in Sources */,
				B2C3D4E5F60718293A4B5C6D /* ButlerAvatar.swift in Sources */,
				16F0DBEE810126B9C527D796 /* AuthSession.swift in Sources */,
				C88C7D9EE78D34518C6A1591 /* BillListView.swift in Sources */,
				64D4BA116516C2A1044D941D /* BillStatsView.swift in Sources */,
				B07B91FD807A665E67069D6F /* BillViewModel.swift in Sources */,
				E30994BC62670D0A0DBDDFB7 /* ChatStreamClient.swift in Sources */,
				E848A91B2A90F14CA7840B79 /* ChatView.swift in Sources */,
				90171D8B4C54820C16F72055 /* ChatViewModel.swift in Sources */,
				860F37223FF0A0FE7487B7A3 /* Config.swift in Sources */,
				C322EC5FFD919BB987F694E1 /* EasyfamilyApp.swift in Sources */,
				BFA562FCD6F693D92D0C3160 /* FamilyView.swift in Sources */,
				E511F365F72D4088B4616F63 /* FamilyViewModel.swift in Sources */,
				FIN1000000000003 /* FamilyBillView.swift in Sources */,
				FB01A2B3C4D5E6F7A8B9C0D1 /* FeedbackView.swift in Sources */,
				PRF100000000001 /* ProfileEditView.swift in Sources */,
				FIN1000000000001 /* FinanceViewModel.swift in Sources */,
				FIN1000000000002 /* FinancialHealthView.swift in Sources */,
				FIN1000000000004 /* FinancePermissionViewModel.swift in Sources */,
				FIN1000000000005 /* FinancePermissionView.swift in Sources */,
				FB01A2B3C4D5E6F7A8B9C0D3 /* FeedbackViewModel.swift in Sources */,
				AA3F96482125A6D88A27783A /* LoginView.swift in Sources */,
				C8299624A14F8DF5706E4364 /* LoginViewModel.swift in Sources */,
				00D41A4C52EC6A3E202F6BFC /* MainTabView.swift in Sources */,
				ABDBF63242305B2F67EA8B40 /* MineView.swift in Sources */,
				65041A71DD59F1C02DED9420 /* PhoneView.swift in Sources */,
				C068FB6E61621A23C09445C7 /* PhoneViewModel.swift in Sources */,
				8F361BE37CD718FDDC981EFC /* QueryView.swift in Sources */,
				BEC964C4AE3D64439EC0CDE8 /* QueryViewModel.swift in Sources */,
				DE22B1BFE771DD7E199E78C7 /* RecordFormView.swift in Sources */,
				0F8774FE78DBBB8D030B5890 /* RecordListView.swift in Sources */,
				12A9190D3F2A969B6E6AAE15 /* RootView.swift in Sources */,
				BB56F72AE70C153FB93753C4 /* SlideCaptchaView.swift in Sources */,
				EE00AA11BB22CC33DD44EE56 /* String+Emoji.swift in Sources */,
				30F4972396E1B39AF830B4A5 /* TokenStore.swift in Sources */,
				A1B2C3D4E5F60718293A4B5C /* UserProfileStore.swift in Sources */,
				C4D5B967AC0834CDF27C13B5 /* VehicleFormView.swift in Sources */,
				F3F5B56F4EBE1FFCAA0F6CA9 /* VehicleListView.swift in Sources */,
				84DB1796A2864F018E5499C2 /* VehicleStatsView.swift in Sources */,
				52F106345E11B1B67F072065 /* VehicleViewModel.swift in Sources */,
				FA10000000000001 /* AssetListView.swift in Sources */,
				FA10000000000002 /* AssetFormView.swift in Sources */,
				FA10000000000003 /* AssetViewModel.swift in Sources */,
				FA10000000000004 /* LiabilityListView.swift in Sources */,
				FA10000000000005 /* LiabilityFormView.swift in Sources */,
				FA10000000000006 /* LiabilityViewModel.swift in Sources */,
			);
			runOnlyForDeploymentPostprocessing = 0;
		};
		662513D93D0C4A91D09CCEB2 /* Sources */ = {
			isa = PBXSourcesBuildPhase;
			buildActionMask = 2147483647;
			files = (
				86A6C49C83D61BAA5FDBE1B9 /* EasyfamilyAppUITests.swift in Sources */,
			);
			runOnlyForDeploymentPostprocessing = 0;
		};
/* End PBXSourcesBuildPhase section */

/* Begin PBXTargetDependency section */
		C017CE7D02C51C3AF2A35145 /* PBXTargetDependency */ = {
			isa = PBXTargetDependency;
			target = F78867720F55625C3F59E5A2 /* EasyfamilyApp */;
			targetProxy = 761AA86A02AAEC81D66CE63E /* PBXContainerItemProxy */;
		};
/* End PBXTargetDependency section */

/* Begin XCBuildConfiguration section */
		623BB723CCC4E7845B0E8B92 /* Release */ = {
			isa = XCBuildConfiguration;
			buildSettings = {
				ALWAYS_SEARCH_USER_PATHS = NO;
				CLANG_ANALYZER_NONNULL = YES;
				CLANG_ANALYZER_NUMBER_OBJECT_CONVERSION = YES_AGGRESSIVE;
				CLANG_CXX_LANGUAGE_STANDARD = "gnu++14";
				CLANG_CXX_LIBRARY = "libc++";
				CLANG_ENABLE_MODULES = YES;
				CLANG_ENABLE_OBJC_ARC = YES;
				CLANG_ENABLE_OBJC_WEAK = YES;
				CLANG_WARN_BLOCK_CAPTURE_AUTORELEASING = YES;
				CLANG_WARN_BOOL_CONVERSION = YES;
				CLANG_WARN_COMMA = YES;
				CLANG_WARN_CONSTANT_CONVERSION = YES;
				CLANG_WARN_DEPRECATED_OBJC_IMPLEMENTATIONS = YES;
				CLANG_WARN_DIRECT_OBJC_ISA_USAGE = YES_ERROR;
				CLANG_WARN_DOCUMENTATION_COMMENTS = YES;
				CLANG_WARN_EMPTY_BODY = YES;
				CLANG_WARN_ENUM_CONVERSION = YES;
				CLANG_WARN_INFINITE_RECURSION = YES;
				CLANG_WARN_INT_CONVERSION = YES;
				CLANG_WARN_NON_LITERAL_NULL_CONVERSION = YES;
				CLANG_WARN_OBJC_IMPLICIT_RETAIN_SELF = YES;
				CLANG_WARN_OBJC_LITERAL_CONVERSION = YES;
				CLANG_WARN_OBJC_ROOT_CLASS = YES_ERROR;
				CLANG_WARN_QUOTED_INCLUDE_IN_FRAMEWORK_HEADER = YES;
				CLANG_WARN_RANGE_LOOP_ANALYSIS = YES;
				CLANG_WARN_STRICT_PROTOTYPES = YES;
				CLANG_WARN_SUSPICIOUS_MOVE = YES;
				CLANG_WARN_UNGUARDED_AVAILABILITY = YES_AGGRESSIVE;
				CLANG_WARN_UNREACHABLE_CODE = YES;
				CLANG_WARN__DUPLICATE_METHOD_MATCH = YES;
				COPY_PHASE_STRIP = NO;
				DEBUG_INFORMATION_FORMAT = "dwarf-with-dsym";
				ENABLE_NS_ASSERTIONS = NO;
				ENABLE_STRICT_OBJC_MSGSEND = YES;
				GCC_C_LANGUAGE_STANDARD = gnu11;
				GCC_NO_COMMON_BLOCKS = YES;
				GCC_WARN_64_TO_32_BIT_CONVERSION = YES;
				GCC_WARN_ABOUT_RETURN_TYPE = YES_ERROR;
				GCC_WARN_UNDECLARED_SELECTOR = YES;
				GCC_WARN_UNINITIALIZED_AUTOS = YES_AGGRESSIVE;
				GCC_WARN_UNUSED_FUNCTION = YES;
				GCC_WARN_UNUSED_VARIABLE = YES;
				GENERATE_INFOPLIST_FILE = NO;
				IPHONEOS_DEPLOYMENT_TARGET = 17.0;
				MTL_ENABLE_DEBUG_INFO = NO;
				MTL_FAST_MATH = YES;
				PRODUCT_NAME = "$(TARGET_NAME)";
				SDKROOT = iphoneos;
				SWIFT_COMPILATION_MODE = wholemodule;
				SWIFT_OPTIMIZATION_LEVEL = "-O";
				SWIFT_VERSION = 5.9;
			};
			name = Release;
		};
		64208790EA55B210912BA7E9 /* Release */ = {
			isa = XCBuildConfiguration;
			buildSettings = {
				ASSETCATALOG_COMPILER_APPICON_NAME = AppIcon;
				CODE_SIGN_IDENTITY = "iPhone Developer";
				CODE_SIGN_STYLE = Automatic;
				DEVELOPMENT_TEAM = 836GW6C7ZQ;
				INFOPLIST_FILE = EasyfamilyApp/Info.plist;
				IPHONEOS_DEPLOYMENT_TARGET = 17.0;
				LD_RUNPATH_SEARCH_PATHS = (
					"$(inherited)",
					"@executable_path/Frameworks",
				);
				PRODUCT_BUNDLE_IDENTIFIER = com.easyfamily.ios;
				SDKROOT = iphoneos;
				TARGETED_DEVICE_FAMILY = "1,2";
			};
			name = Release;
		};
		BFD642667E900F1F810816D3 /* Release */ = {
			isa = XCBuildConfiguration;
			buildSettings = {
				BUNDLE_LOADER = "$(TEST_HOST)";
				CODE_SIGN_STYLE = Automatic;
				DEVELOPMENT_TEAM = 836GW6C7ZQ;
				GENERATE_INFOPLIST_FILE = YES;
				IPHONEOS_DEPLOYMENT_TARGET = 17.0;
				LD_RUNPATH_SEARCH_PATHS = (
					"$(inherited)",
					"@executable_path/Frameworks",
					"@loader_path/Frameworks",
				);
				PRODUCT_BUNDLE_IDENTIFIER = com.easyfamily.ios.uitests;
				SDKROOT = iphoneos;
				TARGETED_DEVICE_FAMILY = "1,2";
				TEST_TARGET_NAME = EasyfamilyApp;
			};
			name = Release;
		};
		CE7640FA5A1B082B4A3E92EF /* Debug */ = {
			isa = XCBuildConfiguration;
			buildSettings = {
				BUNDLE_LOADER = "$(TEST_HOST)";
				CODE_SIGN_STYLE = Automatic;
				DEVELOPMENT_TEAM = 836GW6C7ZQ;
				GENERATE_INFOPLIST_FILE = YES;
				IPHONEOS_DEPLOYMENT_TARGET = 17.0;
				LD_RUNPATH_SEARCH_PATHS = (
					"$(inherited)",
					"@executable_path/Frameworks",
					"@loader_path/Frameworks",
				);
				PRODUCT_BUNDLE_IDENTIFIER = com.easyfamily.ios.uitests;
				SDKROOT = iphoneos;
				TARGETED_DEVICE_FAMILY = "1,2";
				TEST_TARGET_NAME = EasyfamilyApp;
			};
			name = Debug;
		};
		D594F2B4211DA6CDCCAC81D4 /* Debug */ = {
			isa = XCBuildConfiguration;
			buildSettings = {
				ALWAYS_SEARCH_USER_PATHS = NO;
				CLANG_ANALYZER_NONNULL = YES;
				CLANG_ANALYZER_NUMBER_OBJECT_CONVERSION = YES_AGGRESSIVE;
				CLANG_CXX_LANGUAGE_STANDARD = "gnu++14";
				CLANG_CXX_LIBRARY = "libc++";
				CLANG_ENABLE_MODULES = YES;
				CLANG_ENABLE_OBJC_ARC = YES;
				CLANG_ENABLE_OBJC_WEAK = YES;
				CLANG_WARN_BLOCK_CAPTURE_AUTORELEASING = YES;
				CLANG_WARN_BOOL_CONVERSION = YES;
				CLANG_WARN_COMMA = YES;
				CLANG_WARN_CONSTANT_CONVERSION = YES;
				CLANG_WARN_DEPRECATED_OBJC_IMPLEMENTATIONS = YES;
				CLANG_WARN_DIRECT_OBJC_ISA_USAGE = YES_ERROR;
				CLANG_WARN_DOCUMENTATION_COMMENTS = YES;
				CLANG_WARN_EMPTY_BODY = YES;
				CLANG_WARN_ENUM_CONVERSION = YES;
				CLANG_WARN_INFINITE_RECURSION = YES;
				CLANG_WARN_INT_CONVERSION = YES;
				CLANG_WARN_NON_LITERAL_NULL_CONVERSION = YES;
				CLANG_WARN_OBJC_IMPLICIT_RETAIN_SELF = YES;
				CLANG_WARN_OBJC_LITERAL_CONVERSION = YES;
				CLANG_WARN_OBJC_ROOT_CLASS = YES_ERROR;
				CLANG_WARN_QUOTED_INCLUDE_IN_FRAMEWORK_HEADER = YES;
				CLANG_WARN_RANGE_LOOP_ANALYSIS = YES;
				CLANG_WARN_STRICT_PROTOTYPES = YES;
				CLANG_WARN_SUSPICIOUS_MOVE = YES;
				CLANG_WARN_UNGUARDED_AVAILABILITY = YES_AGGRESSIVE;
				CLANG_WARN_UNREACHABLE_CODE = YES;
				CLANG_WARN__DUPLICATE_METHOD_MATCH = YES;
				COPY_PHASE_STRIP = NO;
				DEBUG_INFORMATION_FORMAT = dwarf;
				ENABLE_STRICT_OBJC_MSGSEND = YES;
				ENABLE_TESTABILITY = YES;
				GCC_C_LANGUAGE_STANDARD = gnu11;
				GCC_DYNAMIC_NO_PIC = NO;
				GCC_NO_COMMON_BLOCKS = YES;
				GCC_OPTIMIZATION_LEVEL = 0;
				GCC_PREPROCESSOR_DEFINITIONS = (
					"$(inherited)",
					"DEBUG=1",
				);
				GCC_WARN_64_TO_32_BIT_CONVERSION = YES;
				GCC_WARN_ABOUT_RETURN_TYPE = YES_ERROR;
				GCC_WARN_UNDECLARED_SELECTOR = YES;
				GCC_WARN_UNINITIALIZED_AUTOS = YES_AGGRESSIVE;
				GCC_WARN_UNUSED_FUNCTION = YES;
				GCC_WARN_UNUSED_VARIABLE = YES;
				GENERATE_INFOPLIST_FILE = NO;
				IPHONEOS_DEPLOYMENT_TARGET = 17.0;
				MTL_ENABLE_DEBUG_INFO = INCLUDE_SOURCE;
				MTL_FAST_MATH = YES;
				ONLY_ACTIVE_ARCH = YES;
				PRODUCT_NAME = "$(TARGET_NAME)";
				SDKROOT = iphoneos;
				SWIFT_ACTIVE_COMPILATION_CONDITIONS = DEBUG;
				SWIFT_OPTIMIZATION_LEVEL = "-Onone";
				SWIFT_VERSION = 5.9;
			};
			name = Debug;
		};
		FA060F58CDB6DE591B5C5C04 /* Debug */ = {
			isa = XCBuildConfiguration;
			buildSettings = {
				ASSETCATALOG_COMPILER_APPICON_NAME = AppIcon;
				CODE_SIGN_IDENTITY = "iPhone Developer";
				CODE_SIGN_STYLE = Automatic;
				DEVELOPMENT_TEAM = 836GW6C7ZQ;
				INFOPLIST_FILE = EasyfamilyApp/Info.plist;
				IPHONEOS_DEPLOYMENT_TARGET = 17.0;
				LD_RUNPATH_SEARCH_PATHS = (
					"$(inherited)",
					"@executable_path/Frameworks",
				);
				PRODUCT_BUNDLE_IDENTIFIER = com.easyfamily.ios;
				SDKROOT = iphoneos;
				TARGETED_DEVICE_FAMILY = "1,2";
			};
			name = Debug;
		};
/* End XCBuildConfiguration section */

/* Begin XCConfigurationList section */
		51E7BB76E59727719B24450F /* Build configuration list for PBXNativeTarget "EasyfamilyApp" */ = {
			isa = XCConfigurationList;
			buildConfigurations = (
				FA060F58CDB6DE591B5C5C04 /* Debug */,
				64208790EA55B210912BA7E9 /* Release */,
			);
			defaultConfigurationIsVisible = 0;
			defaultConfigurationName = Debug;
		};
		D3819590E832E708C8FFEDC0 /* Build configuration list for PBXNativeTarget "EasyfamilyAppUITests" */ = {
			isa = XCConfigurationList;
			buildConfigurations = (
				CE7640FA5A1B082B4A3E92EF /* Debug */,
				BFD642667E900F1F810816D3 /* Release */,
			);
			defaultConfigurationIsVisible = 0;
			defaultConfigurationName = Debug;
		};
		DD307368698CAF2B2273D164 /* Build configuration list for PBXProject "EasyfamilyApp" */ = {
			isa = XCConfigurationList;
			buildConfigurations = (
				D594F2B4211DA6CDCCAC81D4 /* Debug */,
				623BB723CCC4E7845B0E8B92 /* Release */,
			);
			defaultConfigurationIsVisible = 0;
			defaultConfigurationName = Debug;
		};
/* End XCConfigurationList section */
	};
	rootObject = 8F8999884BF7B6A16CE03295 /* Project object */;
}
